
Microsoft Visual Studio Solution File, Format Version 12.00
# Visual Studio Version 16
VisualStudioVersion = 16.0.28803.202
MinimumVisualStudioVersion = 10.0.40219.1
Project("{FAE04EC0-301F-11D3-BF4B-00C04F79EFBC}") = "pair", "pair\pair.csproj", "{B1894905-6746-4FB5-BC3E-82E130DD8B16}"
EndProject
Global
	GlobalSection(SolutionConfigurationPlatforms) = preSolution
		Debug|Any CPU = Debug|Any CPU
		Release|Any CPU = Release|Any CPU
	EndGlobalSection
	GlobalSection(ProjectConfigurationPlatforms) = postSolution
		{B1894905-6746-4FB5-BC3E-82E130DD8B16}.Debug|Any CPU.ActiveCfg = Debug|Any CPU
		{B1894905-6746-4FB5-BC3E-82E130DD8B16}.Debug|Any CPU.Build.0 = Debug|Any CPU
		{B1894905-6746-4FB5-BC3E-82E130DD8B16}.Release|Any CPU.ActiveCfg = Release|Any CPU
		{B1894905-6746-4FB5-BC3E-82E130DD8B16}.Release|Any CPU.Build.0 = Release|Any CPU
	EndGlobalSection
	GlobalSection(SolutionProperties) = preSolution
		HideSolutionNode = FALSE
	EndGlobalSection
	GlobalSection(ExtensibilityGlobals) = postSolution
		SolutionGuid = {171974C3-E86A-4932-939A-2E3D716EF6E4}
	EndGlobalSection
EndGlobal
